# THIS IS AN AUTOGENERATED FILE. DO NOT EDIT THIS FILE DIRECTLY.
# yarn lockfile v1


"@babel/runtime@^7.9.2":
  version "7.15.3"
  resolved "https://registry.yarnpkg.com/@babel/runtime/-/runtime-7.15.3.tgz#2e1c2880ca118e5b2f9988322bd8a7656a32502b"
  integrity sha512-OvwMLqNXkCXSz1kSm58sEsNuhqOx/fKpnUnKnFB5v8uDda5bLNEHNgKPvhDN6IU0LDcnHQ90LlJ0Q6jnyBSIBA==
  dependencies:
    regenerator-runtime "^0.13.4"

"@firebase/analytics-types@0.6.0":
  version "0.6.0"
  resolved "https://registry.yarnpkg.com/@firebase/analytics-types/-/analytics-types-0.6.0.tgz#164116ebe8d3b338272acc7f9904cac38556d6cd"
  integrity sha512-kbMawY0WRPyL/lbknBkme4CNLl+Gw+E9G4OpNeXAauqoQiNkBgpIvZYy7BRT4sNGhZbxdxXxXbruqUwDzLmvTw==

"@firebase/analytics@0.6.18":
  version "0.6.18"
  resolved "https://registry.yarnpkg.com/@firebase/analytics/-/analytics-0.6.18.tgz#0dd36861d9ded60038687f1b03cb0e4b77dd72ce"
  integrity sha512-FXNtYDxbs9ynPbzUVuG94BjFPOPpgJ7156660uvCBuKgoBCIVcNqKkJQQ7TH8384fqvGjbjdcgARY9jgAHbtog==
  dependencies:
    "@firebase/analytics-types" "0.6.0"
    "@firebase/component" "0.5.6"
    "@firebase/installations" "0.4.32"
    "@firebase/logger" "0.2.6"
    "@firebase/util" "1.3.0"
    tslib "^2.1.0"

"@firebase/app-check-interop-types@0.1.0":
  version "0.1.0"
  resolved "https://registry.yarnpkg.com/@firebase/app-check-interop-types/-/app-check-interop-types-0.1.0.tgz#83afd9d41f99166c2bdb2d824e5032e9edd8fe53"
  integrity sha512-uZfn9s4uuRsaX5Lwx+gFP3B6YsyOKUE+Rqa6z9ojT4VSRAsZFko9FRn6OxQUA1z5t5d08fY4pf+/+Dkd5wbdbA==

"@firebase/app-check-types@0.3.1":
  version "0.3.1"
  resolved "https://registry.yarnpkg.com/@firebase/app-check-types/-/app-check-types-0.3.1.tgz#1084723debad3ad9e7997d3b356165d275c25fcc"
  integrity sha512-KJ+BqJbdNsx4QT/JIT1yDj5p6D+QN97iJs3GuHnORrqL+DU3RWc9nSYQsrY6Tv9jVWcOkMENXAgDT484vzsm2w==

"@firebase/app-check@0.3.2":
  version "0.3.2"
  resolved "https://registry.yarnpkg.com/@firebase/app-check/-/app-check-0.3.2.tgz#a8fa98bf35ea309458feb12739fcbf00c70ee5ef"
  integrity sha512-YjpsnV1xVTO1B836IKijRcDeceLgHQNJ/DWa+Vky9UHkm1Mi4qosddX8LZzldaWRTWKX7BN1MbZOLY8r7M/MZQ==
  dependencies:
    "@firebase/app-check-interop-types" "0.1.0"
    "@firebase/app-check-types" "0.3.1"
    "@firebase/component" "0.5.6"
    "@firebase/logger" "0.2.6"
    "@firebase/util" "1.3.0"
    tslib "^2.1.0"

"@firebase/app-types@0.6.3":
  version "0.6.3"
  resolved "https://registry.yarnpkg.com/@firebase/app-types/-/app-types-0.6.3.tgz#3f10514786aad846d74cd63cb693556309918f4b"
  integrity sha512-/M13DPPati7FQHEQ9Minjk1HGLm/4K4gs9bR4rzLCWJg64yGtVC0zNg9gDpkw9yc2cvol/mNFxqTtd4geGrwdw==

"@firebase/app@0.6.30":
  version "0.6.30"
  resolved "https://registry.yarnpkg.com/@firebase/app/-/app-0.6.30.tgz#c7ff8c9c341e344366f510fcce7498d2e0fd5373"
  integrity sha512-uAYEDXyK0mmpZ8hWQj5TNd7WVvfsU8PgsqKpGljbFBG/HhsH8KbcykWAAA+c1PqL7dt/dbt0Reh1y9zEdYzMhg==
  dependencies:
    "@firebase/app-types" "0.6.3"
    "@firebase/component" "0.5.6"
    "@firebase/logger" "0.2.6"
    "@firebase/util" "1.3.0"
    dom-storage "2.1.0"
    tslib "^2.1.0"
    xmlhttprequest "1.8.0"

"@firebase/auth-interop-types@0.1.6":
  version "0.1.6"
  resolved "https://registry.yarnpkg.com/@firebase/auth-interop-types/-/auth-interop-types-0.1.6.tgz#5ce13fc1c527ad36f1bb1322c4492680a6cf4964"
  integrity sha512-etIi92fW3CctsmR9e3sYM3Uqnoq861M0Id9mdOPF6PWIg38BXL5k4upCNBggGUpLIS0H1grMOvy/wn1xymwe2g==

"@firebase/auth-types@0.10.3":
  version "0.10.3"
  resolved "https://registry.yarnpkg.com/@firebase/auth-types/-/auth-types-0.10.3.tgz#2be7dd93959c8f5304c63e09e98718e103464d8c"
  integrity sha512-zExrThRqyqGUbXOFrH/sowuh2rRtfKHp9SBVY2vOqKWdCX1Ztn682n9WLtlUDsiYVIbBcwautYWk2HyCGFv0OA==

"@firebase/auth@0.16.8":
  version "0.16.8"
  resolved "https://registry.yarnpkg.com/@firebase/auth/-/auth-0.16.8.tgz#4edd44673d3711e94cfa1e6b03883214ae1f2255"
  integrity sha512-mR0UXG4LirWIfOiCWxVmvz1o23BuKGxeItQ2cCUgXLTjNtWJXdcky/356iTUsd7ZV5A78s2NHeN5tIDDG6H4rg==
  dependencies:
    "@firebase/auth-types" "0.10.3"

"@firebase/component@0.5.6":
  version "0.5.6"
  resolved "https://registry.yarnpkg.com/@firebase/component/-/component-0.5.6.tgz#6b7c7aff69866e0925721543a2ef5f47b0f97cbe"
  integrity sha512-GyQJ+2lrhsDqeGgd1VdS7W+Y6gNYyI0B51ovNTxeZVG/W8I7t9MwEiCWsCvfm5wQgfsKp9dkzOcJrL5k8oVO/Q==
  dependencies:
    "@firebase/util" "1.3.0"
    tslib "^2.1.0"

"@firebase/database-types@0.8.0":
  version "0.8.0"
  resolved "https://registry.yarnpkg.com/@firebase/database-types/-/database-types-0.8.0.tgz#3cc8b292795ed268cd40a521f45a957b951189a5"
  integrity sha512-7IdjAFRfPWyG3b4wcXyghb3Y1CLCSJFZIg1xl5GbTVMttSQFT4B5NYdhsfA34JwAsv5pMzPpjOaS3/K9XJ2KiA==
  dependencies:
    "@firebase/app-types" "0.6.3"
    "@firebase/util" "1.3.0"

"@firebase/database@0.11.0":
  version "0.11.0"
  resolved "https://registry.yarnpkg.com/@firebase/database/-/database-0.11.0.tgz#c0f6a9dd9549d0ecd2b71a3a71db487854895bfc"
  integrity sha512-b/kwvCubr6G9coPlo48PbieBDln7ViFBHOGeVt/bt82yuv5jYZBEYAac/mtOVSxpf14aMo/tAN+Edl6SWqXApw==
  dependencies:
    "@firebase/auth-interop-types" "0.1.6"
    "@firebase/component" "0.5.6"
    "@firebase/database-types" "0.8.0"
    "@firebase/logger" "0.2.6"
    "@firebase/util" "1.3.0"
    faye-websocket "0.11.3"
    tslib "^2.1.0"

"@firebase/firestore-types@2.4.0":
  version "2.4.0"
  resolved "https://registry.yarnpkg.com/@firebase/firestore-types/-/firestore-types-2.4.0.tgz#6e6501e953a9a7fc00a7dfd7de5bb7a248b89d7c"
  integrity sha512-0dgwfuNP7EN6/OlK2HSNSQiQNGLGaRBH0gvgr1ngtKKJuJFuq0Z48RBMeJX9CGjV4TP9h2KaB+KrUKJ5kh1hMg==

"@firebase/firestore@2.4.0":
  version "2.4.0"
  resolved "https://registry.yarnpkg.com/@firebase/firestore/-/firestore-2.4.0.tgz#f48282f70c36e43e8f8782f368972515efef5177"
  integrity sha512-PQ6+lWNrvh74GvFTHT4gCutFipDmtu8D1tNNawKe+/SyL6XFgeuMYgZIpKQgkTSezVDogC7EGQTJBFnewF9pOg==
  dependencies:
    "@firebase/component" "0.5.6"
    "@firebase/firestore-types" "2.4.0"
    "@firebase/logger" "0.2.6"
    "@firebase/util" "1.3.0"
    "@firebase/webchannel-wrapper" "0.5.1"
    "@grpc/grpc-js" "^1.3.2"
    "@grpc/proto-loader" "^0.6.0"
    node-fetch "2.6.1"
    tslib "^2.1.0"

"@firebase/functions-types@0.4.0":
  version "0.4.0"
  resolved "https://registry.yarnpkg.com/@firebase/functions-types/-/functions-types-0.4.0.tgz#0b789f4fe9a9c0b987606c4da10139345b40f6b9"
  integrity sha512-3KElyO3887HNxtxNF1ytGFrNmqD+hheqjwmT3sI09FaDCuaxGbOnsXAXH2eQ049XRXw9YQpHMgYws/aUNgXVyQ==

"@firebase/functions@0.6.15":
  version "0.6.15"
  resolved "https://registry.yarnpkg.com/@firebase/functions/-/functions-0.6.15.tgz#8b0b1b11947e61e55522af07ee4aa7f5d9954bab"
  integrity sha512-b7RpLwFXi0N+HgkfK8cmkarSOoBeSrc1jNdadkCacQt+vIePkKM3E9EJXF4roWSa8GwTruodpBsvH+lK9iCAKQ==
  dependencies:
    "@firebase/component" "0.5.6"
    "@firebase/functions-types" "0.4.0"
    "@firebase/messaging-types" "0.5.0"
    node-fetch "2.6.1"
    tslib "^2.1.0"

"@firebase/installations-types@0.3.4":
  version "0.3.4"
  resolved "https://registry.yarnpkg.com/@firebase/installations-types/-/installations-types-0.3.4.tgz#589a941d713f4f64bf9f4feb7f463505bab1afa2"
  integrity sha512-RfePJFovmdIXb6rYwtngyxuEcWnOrzdZd9m7xAW0gRxDIjBT20n3BOhjpmgRWXo/DAxRmS7bRjWAyTHY9cqN7Q==

"@firebase/installations@0.4.32":
  version "0.4.32"
  resolved "https://registry.yarnpkg.com/@firebase/installations/-/installations-0.4.32.tgz#aefc27710b2386de39355293021ca94bd545ae0a"
  integrity sha512-K4UlED1Vrhd2rFQQJih+OgEj8OTtrtH4+Izkx7ip2bhXSc+unk8ZhnF69D0kmh7zjXAqEDJrmHs9O5fI3rV6Tw==
  dependencies:
    "@firebase/component" "0.5.6"
    "@firebase/installations-types" "0.3.4"
    "@firebase/util" "1.3.0"
    idb "3.0.2"
    tslib "^2.1.0"

"@firebase/logger@0.2.6":
  version "0.2.6"
  resolved "https://registry.yarnpkg.com/@firebase/logger/-/logger-0.2.6.tgz#3aa2ca4fe10327cabf7808bd3994e88db26d7989"
  integrity sha512-KIxcUvW/cRGWlzK9Vd2KB864HlUnCfdTH0taHE0sXW5Xl7+W68suaeau1oKNEqmc3l45azkd4NzXTCWZRZdXrw==

"@firebase/messaging-types@0.5.0":
  version "0.5.0"
  resolved "https://registry.yarnpkg.com/@firebase/messaging-types/-/messaging-types-0.5.0.tgz#c5d0ef309ced1758fda93ef3ac70a786de2e73c4"
  integrity sha512-QaaBswrU6umJYb/ZYvjR5JDSslCGOH6D9P136PhabFAHLTR4TWjsaACvbBXuvwrfCXu10DtcjMxqfhdNIB1Xfg==

"@firebase/messaging@0.8.0":
  version "0.8.0"
  resolved "https://registry.yarnpkg.com/@firebase/messaging/-/messaging-0.8.0.tgz#ab188bf25659e1bc048164fdcc99caa3ba820d22"
  integrity sha512-hkFHDyVe1kMcY9KEG+prjCbvS6MtLUgVFUbbQqq7JQfiv58E07YCzRUcMrJolbNi/1QHH6Jv16DxNWjJB9+/qA==
  dependencies:
    "@firebase/component" "0.5.6"
    "@firebase/installations" "0.4.32"
    "@firebase/messaging-types" "0.5.0"
    "@firebase/util" "1.3.0"
    idb "3.0.2"
    tslib "^2.1.0"

"@firebase/performance-types@0.0.13":
  version "0.0.13"
  resolved "https://registry.yarnpkg.com/@firebase/performance-types/-/performance-types-0.0.13.tgz#58ce5453f57e34b18186f74ef11550dfc558ede6"
  integrity sha512-6fZfIGjQpwo9S5OzMpPyqgYAUZcFzZxHFqOyNtorDIgNXq33nlldTL/vtaUZA8iT9TT5cJlCrF/jthKU7X21EA==

"@firebase/performance@0.4.18":
  version "0.4.18"
  resolved "https://registry.yarnpkg.com/@firebase/performance/-/performance-0.4.18.tgz#d9cd2311b5af2968c8a580cdc869a0ed6fb9cb1f"
  integrity sha512-lvZW/TVDne2TyOpWbv++zjRn277HZpbjxbIPfwtnmKjVY1gJ+H77Qi1c2avVIc9hg80uGX/5tNf4pOApNDJLVg==
  dependencies:
    "@firebase/component" "0.5.6"
    "@firebase/installations" "0.4.32"
    "@firebase/logger" "0.2.6"
    "@firebase/performance-types" "0.0.13"
    "@firebase/util" "1.3.0"
    tslib "^2.1.0"

"@firebase/polyfill@0.3.36":
  version "0.3.36"
  resolved "https://registry.yarnpkg.com/@firebase/polyfill/-/polyfill-0.3.36.tgz#c057cce6748170f36966b555749472b25efdb145"
  integrity sha512-zMM9oSJgY6cT2jx3Ce9LYqb0eIpDE52meIzd/oe/y70F+v9u1LDqk5kUF5mf16zovGBWMNFmgzlsh6Wj0OsFtg==
  dependencies:
    core-js "3.6.5"
    promise-polyfill "8.1.3"
    whatwg-fetch "2.0.4"

"@firebase/remote-config-types@0.1.9":
  version "0.1.9"
  resolved "https://registry.yarnpkg.com/@firebase/remote-config-types/-/remote-config-types-0.1.9.tgz#fe6bbe4d08f3b6e92fce30e4b7a9f4d6a96d6965"
  integrity sha512-G96qnF3RYGbZsTRut7NBX0sxyczxt1uyCgXQuH/eAfUCngxjEGcZQnBdy6mvSdqdJh5mC31rWPO4v9/s7HwtzA==

"@firebase/remote-config@0.1.43":
  version "0.1.43"
  resolved "https://registry.yarnpkg.com/@firebase/remote-config/-/remote-config-0.1.43.tgz#c49587fcb6a90d2675071cf2b8ad46eff1c89053"
  integrity sha512-laNM4MN0CfeSp7XCVNjYOC4DdV6mj0l2rzUh42x4v2wLTweCoJ/kc1i4oWMX9TI7Jw8Am5Wl71Awn1J2pVe5xA==
  dependencies:
    "@firebase/component" "0.5.6"
    "@firebase/installations" "0.4.32"
    "@firebase/logger" "0.2.6"
    "@firebase/remote-config-types" "0.1.9"
    "@firebase/util" "1.3.0"
    tslib "^2.1.0"

"@firebase/storage-types@0.5.0":
  version "0.5.0"
  resolved "https://registry.yarnpkg.com/@firebase/storage-types/-/storage-types-0.5.0.tgz#5108afc0df4b1d20c27f2a7f68af2ec2827619c2"
  integrity sha512-6Wv3Lu7s18hsgW7HG4BFwycTquZ3m/C8bjBoOsmPu0TD6M1GKwCzOC7qBdN7L6tRYPh8ipTj5+rPFrmhGfUVKA==

"@firebase/storage@0.7.0":
  version "0.7.0"
  resolved "https://registry.yarnpkg.com/@firebase/storage/-/storage-0.7.0.tgz#7f9d10ce0b86a3dd9604ea287f8e75dddc369fbf"
  integrity sha512-ebDFKJbM5HOxVtZV+RhVEBVtlWHK+Z5L3kA5uDBA2jMYcn+8NV/crozJnEE+iRsGEco6dLK5JS+Er4qtKLpH5A==
  dependencies:
    "@firebase/component" "0.5.6"
    "@firebase/storage-types" "0.5.0"
    "@firebase/util" "1.3.0"
    node-fetch "2.6.1"
    tslib "^2.1.0"

"@firebase/util@1.3.0":
  version "1.3.0"
  resolved "https://registry.yarnpkg.com/@firebase/util/-/util-1.3.0.tgz#e71113bdd5073e9736ceca665b54d9f6df232b20"
  integrity sha512-SESvmYwuKOVCZ1ZxLbberbx+9cnbxpCa4CG2FUSQYqN6Ab8KyltegMDIsqMw5KyIBZ4n1phfHoOa22xo5NzAlQ==
  dependencies:
    tslib "^2.1.0"

"@firebase/webchannel-wrapper@0.5.1":
  version "0.5.1"
  resolved "https://registry.yarnpkg.com/@firebase/webchannel-wrapper/-/webchannel-wrapper-0.5.1.tgz#a64d1af3c62e3bb89576ec58af880980a562bf4e"
  integrity sha512-dZMzN0uAjwJXWYYAcnxIwXqRTZw3o14hGe7O6uhwjD1ZQWPVYA5lASgnNskEBra0knVBsOXB4KXg+HnlKewN/A==

"@grpc/grpc-js@^1.3.2":
  version "1.3.7"
  resolved "https://registry.yarnpkg.com/@grpc/grpc-js/-/grpc-js-1.3.7.tgz#58b687aff93b743aafde237fd2ee9a3259d7f2d8"
  integrity sha512-CKQVuwuSPh40tgOkR7c0ZisxYRiN05PcKPW72mQL5y++qd7CwBRoaJZvU5xfXnCJDFBmS3qZGQ71Frx6Ofo2XA==
  dependencies:
    "@types/node" ">=12.12.47"

"@grpc/proto-loader@^0.6.0":
  version "0.6.4"
  resolved "https://registry.yarnpkg.com/@grpc/proto-loader/-/proto-loader-0.6.4.tgz#5438c0d771e92274e77e631babdc14456441cbdc"
  integrity sha512-7xvDvW/vJEcmLUltCUGOgWRPM8Oofv0eCFSVMuKqaqWJaXSzmB+m9hiyqe34QofAl4WAzIKUZZlinIF9FOHyTQ==
  dependencies:
    "@types/long" "^4.0.1"
    lodash.camelcase "^4.3.0"
    long "^4.0.0"
    protobufjs "^6.10.0"
    yargs "^16.1.1"

"@pixi/accessibility@5.3.10":
  version "5.3.10"
  resolved "https://registry.yarnpkg.com/@pixi/accessibility/-/accessibility-5.3.10.tgz#6ff45c1a362f7a850a5a17b3d532d44bbcbb2e08"
  integrity sha512-DPdeC1Wrnd/0yne9BMlD2HjWfBcrbA4Ho+UUibwFAm3FZJin+OSWzlyaQ26kodj6sPbNTS7SIAGTh65bem9vow==
  dependencies:
    "@pixi/core" "5.3.10"
    "@pixi/display" "5.3.10"
    "@pixi/utils" "5.3.10"

"@pixi/app@5.3.10":
  version "5.3.10"
  resolved "https://registry.yarnpkg.com/@pixi/app/-/app-5.3.10.tgz#366d390c917fb89ffac308663ab8f811b21fb6aa"
  integrity sha512-7RRVf6vcR5qqbXrncKp5efOXFRHe6zs8e7tRC2VlxbVpZdsfXOjUyM4qkGkYRgfWrXv04ezXGT9I28sJ+6mP8Q==
  dependencies:
    "@pixi/core" "5.3.10"
    "@pixi/display" "5.3.10"

"@pixi/constants@5.3.10":
  version "5.3.10"
  resolved "https://registry.yarnpkg.com/@pixi/constants/-/constants-5.3.10.tgz#f7699d65e5b6a1fdbfacaa2a4e628b4bfbbc5c16"
  integrity sha512-g89d8Twk4Uz62i92FPfMHlSyrxHy/uNp4qtw4IcQLlSi6jVESRalTlOMyUy2hVWjQf1uT7+j2IM9Vu33ZIxO/w==

"@pixi/core@5.3.10":
  version "5.3.10"
  resolved "https://registry.yarnpkg.com/@pixi/core/-/core-5.3.10.tgz#0d607bd708bd5c8d9a4e23b34a08c4fcaeb382c6"
  integrity sha512-cU2OUoAaMpFs00EfTBH9TbtIqUs5X7qEK32DXfKbSCp6BMKayBa3S4320VNtidFwpi8tKqkoMa4qy5zX7lxmIQ==
  dependencies:
    "@pixi/constants" "5.3.10"
    "@pixi/math" "5.3.10"
    "@pixi/runner" "5.3.10"
    "@pixi/settings" "5.3.10"
    "@pixi/ticker" "5.3.10"
    "@pixi/utils" "5.3.10"

"@pixi/display@5.3.10":
  version "5.3.10"
  resolved "https://registry.yarnpkg.com/@pixi/display/-/display-5.3.10.tgz#6b79e60c9ce5c6b89e48bf792ff74bf4a6f7efdb"
  integrity sha512-a1t4KXH4Wlp7GLHwZen5bkwMOYgUKv2rpup6mEWuDz457Z2+i3y5IMtExmvbGIXLDYbgpNV9YHpY4r0kh8wcxA==
  dependencies:
    "@pixi/math" "5.3.10"
    "@pixi/settings" "5.3.10"
    "@pixi/utils" "5.3.10"

"@pixi/extract@5.3.10":
  version "5.3.10"
  resolved "https://registry.yarnpkg.com/@pixi/extract/-/extract-5.3.10.tgz#1539606b2ea4f5727fc54ea7a71b39774d5617cd"
  integrity sha512-CJU50rxlzUD9xVXLDthhfn9h1jsphe4ikqxseYFzLI3bhw3O57Vf3QTbyemqo7RcR+/nfoe+BovOlHA9a6swsQ==
  dependencies:
    "@pixi/core" "5.3.10"
    "@pixi/math" "5.3.10"
    "@pixi/utils" "5.3.10"

"@pixi/filter-alpha@5.3.10":
  version "5.3.10"
  resolved "https://registry.yarnpkg.com/@pixi/filter-alpha/-/filter-alpha-5.3.10.tgz#dda43bd9e028e33b74d347e5d17cb6bf2148e303"
  integrity sha512-ZHJwFajmeHUqo0J6x50jA6NB57jHIaRRgE0/z/HgKKDgupGcnKGsbH5fzweFoaDvYiMqWHTE2BFSqBQ48KozNg==
  dependencies:
    "@pixi/core" "5.3.10"

"@pixi/filter-blur@5.3.10":
  version "5.3.10"
  resolved "https://registry.yarnpkg.com/@pixi/filter-blur/-/filter-blur-5.3.10.tgz#b0779f316694a8d109633ab8b1b6cec96738f436"
  integrity sha512-rzW2Q0a79+BjyYX9H2vz+fG3dSR5fRC5Gc7KuNdaNvXpAT7YNGAvwYV2fqFTa2cPIS1nNqSEQyMOUrc8Z3N4Hw==
  dependencies:
    "@pixi/core" "5.3.10"
    "@pixi/settings" "5.3.10"

"@pixi/filter-color-matrix@5.3.10":
  version "5.3.10"
  resolved "https://registry.yarnpkg.com/@pixi/filter-color-matrix/-/filter-color-matrix-5.3.10.tgz#47697061e505903a1082fca8e96c228517d34938"
  integrity sha512-ZjyAKfOmOq7rfLZRhWXR5SaMba7svoKSZFcbPfC3lXmiYijwtVtzXLwrofJ/Qkz5qrOedtD/VbuMVBDj/SHybA==
  dependencies:
    "@pixi/core" "5.3.10"

"@pixi/filter-displacement@5.3.10":
  version "5.3.10"
  resolved "https://registry.yarnpkg.com/@pixi/filter-displacement/-/filter-displacement-5.3.10.tgz#dd1e8d9303dda727ab963c404a5970e1fc3ed624"
  integrity sha512-FomBavESApTi8Zhpb4JP5MHoCxRKTc0vN9E9rFNcYpKH0UVQwGhrXEFlg4w6SF3Ur+xhPYgQVi8D4njkPbzUEA==
  dependencies:
    "@pixi/core" "5.3.10"
    "@pixi/math" "5.3.10"

"@pixi/filter-fxaa@5.3.10":
  version "5.3.10"
  resolved "https://registry.yarnpkg.com/@pixi/filter-fxaa/-/filter-fxaa-5.3.10.tgz#4f1eed4fa81dea6b36610677d1e85e7fcf1d0371"
  integrity sha512-l6S+kjb1tKnwykhNM8LaPHRLIedd0xkACYB6XAcdICq6Kz3IrVTDtYa613h3dqFJoJs+EnsNpmTsQzXi+mw2sg==
  dependencies:
    "@pixi/core" "5.3.10"

"@pixi/filter-noise@5.3.10":
  version "5.3.10"
  resolved "https://registry.yarnpkg.com/@pixi/filter-noise/-/filter-noise-5.3.10.tgz#e981bc824b36e2f803e2b61a9bd3138f18e4f11e"
  integrity sha512-egan5kXaaN4gMVZJd41RPW/UMFMOg2gSBzJSi4yIuMhHk+n6AHYgAmBoLIAiorRrmx3sPwa+x6IDDIhkhzrC4w==
  dependencies:
    "@pixi/core" "5.3.10"

"@pixi/graphics@5.3.10":
  version "5.3.10"
  resolved "https://registry.yarnpkg.com/@pixi/graphics/-/graphics-5.3.10.tgz#6c7bacd1893729cc2ae38b415c6be90bb8005ef0"
  integrity sha512-aqJXc6He1Tyg4Dh+DwEqHud9GjZDk0/rMKccNUhln2CCYYu58/uX863CttzZQ9gHYcqPsNPaE41AtH95KnKT1w==
  dependencies:
    "@pixi/constants" "5.3.10"
    "@pixi/core" "5.3.10"
    "@pixi/display" "5.3.10"
    "@pixi/math" "5.3.10"
    "@pixi/sprite" "5.3.10"
    "@pixi/utils" "5.3.10"

"@pixi/interaction@5.3.10":
  version "5.3.10"
  resolved "https://registry.yarnpkg.com/@pixi/interaction/-/interaction-5.3.10.tgz#8c15cad3862bfaf87311d42b414b7f39f6352886"
  integrity sha512-KgScDisaRzBbvdgbdbMmx2y+87XsHv9cI9xOTlSxCLMl0MZwJT8FIRpsohtyVJJvBJhnWrpYuZzeBNqJwdcIEg==
  dependencies:
    "@pixi/core" "5.3.10"
    "@pixi/display" "5.3.10"
    "@pixi/math" "5.3.10"
    "@pixi/ticker" "5.3.10"
    "@pixi/utils" "5.3.10"

"@pixi/loaders@5.3.10":
  version "5.3.10"
  resolved "https://registry.yarnpkg.com/@pixi/loaders/-/loaders-5.3.10.tgz#0a0b8a9c19f0f1c80001ac9ecab4150fb3731d7a"
  integrity sha512-jaVHk1osJeMs8piRnnzf/rgMizNnOQKOEKzluI+2jfye/3Kuht+feJ+LX/Gx0HmQZ3vsmqaLL6NChZ8+oYGO+Q==
  dependencies:
    "@pixi/core" "5.3.10"
    "@pixi/utils" "5.3.10"
    resource-loader "^3.0.1"

"@pixi/math@5.3.10":
  version "5.3.10"
  resolved "https://registry.yarnpkg.com/@pixi/math/-/math-5.3.10.tgz#76c7296300de831cf2ab68f73f17828b7d98cda8"
  integrity sha512-t96px9xohUnRnCZ7DoFOdPG9C0OhSNAmiOK4s1DLJfoNjY+0J/2gKgUDNpUA9z3OhNJ7/APGUuie6KKyrYixoQ==

"@pixi/mesh-extras@5.3.10":
  version "5.3.10"
  resolved "https://registry.yarnpkg.com/@pixi/mesh-extras/-/mesh-extras-5.3.10.tgz#f2ce0ab87778ecf4f869907f1977441a94ffb1dd"
  integrity sha512-mAXpjKLAaTXBYLK3SBlYjjVyA/X/Ia+AbgAhisfYRvWH0JLEYbNqEIvwAAKSzQUbjjsHps9SXYhdHw0Afc2a3w==
  dependencies:
    "@pixi/constants" "5.3.10"
    "@pixi/core" "5.3.10"
    "@pixi/math" "5.3.10"
    "@pixi/mesh" "5.3.10"
    "@pixi/utils" "5.3.10"

"@pixi/mesh@5.3.10":
  version "5.3.10"
  resolved "https://registry.yarnpkg.com/@pixi/mesh/-/mesh-5.3.10.tgz#c91325755e8e5dad45a42474a6ab30a00b3d3bae"
  integrity sha512-1HLOlJeTcIrlfBofXauuklBTjuSlEqezRPz3bN6zObm6PJGk5CJ9ePm40V6aug60LvqhNm+DlIZvs0l0yiV9HA==
  dependencies:
    "@pixi/constants" "5.3.10"
    "@pixi/core" "5.3.10"
    "@pixi/display" "5.3.10"
    "@pixi/math" "5.3.10"
    "@pixi/settings" "5.3.10"
    "@pixi/utils" "5.3.10"

"@pixi/mixin-cache-as-bitmap@5.3.10":
  version "5.3.10"
  resolved "https://registry.yarnpkg.com/@pixi/mixin-cache-as-bitmap/-/mixin-cache-as-bitmap-5.3.10.tgz#d4b91fb10de2c22b672b103d91b5c17da7557273"
  integrity sha512-PzKihO1hUPf3mfbn0wE4DSgzeUhyLuvWbogHPg5zDTd4dqtIEN4aPmB7kEb48x6hZuZqaJzfrJkwhr4SJqvO6w==
  dependencies:
    "@pixi/core" "5.3.10"
    "@pixi/display" "5.3.10"
    "@pixi/math" "5.3.10"
    "@pixi/settings" "5.3.10"
    "@pixi/sprite" "5.3.10"
    "@pixi/utils" "5.3.10"

"@pixi/mixin-get-child-by-name@5.3.10":
  version "5.3.10"
  resolved "https://registry.yarnpkg.com/@pixi/mixin-get-child-by-name/-/mixin-get-child-by-name-5.3.10.tgz#257ce864ae619f4fbee1b8ec878179cea9070f89"
  integrity sha512-Q5xv1vtbiv+4ZVhd+cWI/K/tWnQy7Pe/y8JYXJx8xc27jzWUrwJkwnVFJYrhcXXndu1Z1pfuC/NeRAcqskxztQ==
  dependencies:
    "@pixi/display" "5.3.10"

"@pixi/mixin-get-global-position@5.3.10":
  version "5.3.10"
  resolved "https://registry.yarnpkg.com/@pixi/mixin-get-global-position/-/mixin-get-global-position-5.3.10.tgz#a709cf8223e26d64745214cc63ea4628c056fc36"
  integrity sha512-GJIaN3Ic8m/9zzS/b7c1ygPxQ1U/ApoHD8ArZWMU5REizVdGxSGdCe+PrT8+wfyqvS4GGAVnfQR4tInanQ1zJQ==
  dependencies:
    "@pixi/display" "5.3.10"
    "@pixi/math" "5.3.10"

"@pixi/particles@5.3.10":
  version "5.3.10"
  resolved "https://registry.yarnpkg.com/@pixi/particles/-/particles-5.3.10.tgz#510b7999ef1e1e23585522f81c02833d34dcb4de"
  integrity sha512-dig0EI0KMyLExgK79zPg/iCriEQC61aQLvhqoutjCKTTpzemk6Zbigw0aR6vnGRnobUPwlUeESrP+KMT9XicRw==
  dependencies:
    "@pixi/constants" "5.3.10"
    "@pixi/core" "5.3.10"
    "@pixi/display" "5.3.10"
    "@pixi/math" "5.3.10"
    "@pixi/utils" "5.3.10"

"@pixi/polyfill@5.3.10":
  version "5.3.10"
  resolved "https://registry.yarnpkg.com/@pixi/polyfill/-/polyfill-5.3.10.tgz#41d8b24143f048e36392f5d6f07ceab2ee1c2856"
  integrity sha512-hUouzYxaqo6AA3dM7lrfGxUf0Y0IhvjVNPT7/DaYBnlJat3Lo/IPY3xkxuAn2NSuYC5pbqFMGkZelxWkgksmCw==
  dependencies:
    es6-promise-polyfill "^1.2.0"
    object-assign "^4.1.1"

"@pixi/prepare@5.3.10":
  version "5.3.10"
  resolved "https://registry.yarnpkg.com/@pixi/prepare/-/prepare-5.3.10.tgz#046774c6b9f5a80d006740a62993e874e64ef9ae"
  integrity sha512-BDIuv2JjCaUuKSIEDReHtcSAyisM7pEpELnW9YcLi2ARNUE67vBhDdrC+KemQUHQi7Mf0NgOVb7PhOEJbt3oXQ==
  dependencies:
    "@pixi/core" "5.3.10"
    "@pixi/display" "5.3.10"
    "@pixi/graphics" "5.3.10"
    "@pixi/settings" "5.3.10"
    "@pixi/text" "5.3.10"
    "@pixi/ticker" "5.3.10"

"@pixi/runner@5.3.10":
  version "5.3.10"
  resolved "https://registry.yarnpkg.com/@pixi/runner/-/runner-5.3.10.tgz#6a99180511e8a32792e1661e89820c58cd5739ee"
  integrity sha512-MKqoBlMaupsRUQNIgLGTFb7yjEI62+YAU0wvVxuPlHXXjUprRwCslhKdqivrmLR3mdaHtVH6WtbW0nXBr8ELaw==

"@pixi/settings@5.3.10":
  version "5.3.10"
  resolved "https://registry.yarnpkg.com/@pixi/settings/-/settings-5.3.10.tgz#08c71f0b24acbb0a433bd42286be3702b159a419"
  integrity sha512-LFKgWKVWO/z/4OME6PTCx53kxzGNohOwt+hfcGGvWjKx7+CqzQhcXUJT20j6BTn+qpv96okXduwmBsVDJnPtCQ==
  dependencies:
    ismobilejs "^1.1.0"

"@pixi/sprite-animated@5.3.10":
  version "5.3.10"
  resolved "https://registry.yarnpkg.com/@pixi/sprite-animated/-/sprite-animated-5.3.10.tgz#d9ab2e5ca960cce72daae9d7ad8ab75d663d2e06"
  integrity sha512-JRbm4hDSzprcDHXAmkCq4HPPodli+skXczenilBJsXYyDSgRI8HGBYVTBYU1rr3qb9TUIaBLvo/xQg9iBtvIRQ==
  dependencies:
    "@pixi/core" "5.3.10"
    "@pixi/sprite" "5.3.10"
    "@pixi/ticker" "5.3.10"

"@pixi/sprite-tiling@5.3.10":
  version "5.3.10"
  resolved "https://registry.yarnpkg.com/@pixi/sprite-tiling/-/sprite-tiling-5.3.10.tgz#c343bbe6605911f9d479dd101724c8c3cf24aef6"
  integrity sha512-JzUBspdhChHUQicm4VWcvyIjN2amjvRAO30FebdAI4Mu0/1T70ZkZG53CbF3ewENv0PkFXJmILXK0YQ7n9JCVg==
  dependencies:
    "@pixi/constants" "5.3.10"
    "@pixi/core" "5.3.10"
    "@pixi/display" "5.3.10"
    "@pixi/math" "5.3.10"
    "@pixi/sprite" "5.3.10"
    "@pixi/utils" "5.3.10"

"@pixi/sprite@5.3.10":
  version "5.3.10"
  resolved "https://registry.yarnpkg.com/@pixi/sprite/-/sprite-5.3.10.tgz#c31e442d3f29f79a497ed87911a0f42535afdf40"
  integrity sha512-PDIO0Bg1NQLHDN18NaRB0DnfL7OZH/Rw6KX1v/MuU0ThbI0Z82QteEE+VwdUyInSsTHUY4gSkcWjBvMxTjFI7g==
  dependencies:
    "@pixi/constants" "5.3.10"
    "@pixi/core" "5.3.10"
    "@pixi/display" "5.3.10"
    "@pixi/math" "5.3.10"
    "@pixi/settings" "5.3.10"
    "@pixi/utils" "5.3.10"

"@pixi/spritesheet@5.3.10":
  version "5.3.10"
  resolved "https://registry.yarnpkg.com/@pixi/spritesheet/-/spritesheet-5.3.10.tgz#900a8d4bd162ec0ad710e2a2d1b3495e025470ec"
  integrity sha512-Q3xHnQslBQQwUJ3v5trPm82lZ1zhOVPqDKkAoPBVVpbO4OXq1qe0t0ifsa153XYenITFnEmhim5t5463+pYl/g==
  dependencies:
    "@pixi/core" "5.3.10"
    "@pixi/loaders" "5.3.10"
    "@pixi/math" "5.3.10"
    "@pixi/utils" "5.3.10"

"@pixi/text-bitmap@5.3.10":
  version "5.3.10"
  resolved "https://registry.yarnpkg.com/@pixi/text-bitmap/-/text-bitmap-5.3.10.tgz#2ec15aaea3e801b8737dc0167cd868fa533dcfca"
  integrity sha512-1jRzkHnipyJW/7zvAQnRRaO5MLL7qDrVxi1UG4bnm0SqGfYMd6WpKTPwcjJBLCR15r8DrQjfX9rCHkFGmjPoLA==
  dependencies:
    "@pixi/core" "5.3.10"
    "@pixi/display" "5.3.10"
    "@pixi/loaders" "5.3.10"
    "@pixi/math" "5.3.10"
    "@pixi/mesh" "5.3.10"
    "@pixi/settings" "5.3.10"
    "@pixi/text" "5.3.10"
    "@pixi/utils" "5.3.10"

"@pixi/text@5.3.10":
  version "5.3.10"
  resolved "https://registry.yarnpkg.com/@pixi/text/-/text-5.3.10.tgz#b3286d1a84c7d58cb38cf2395ce37f6e9715ac0c"
  integrity sha512-IRo+/8Xi8SpuJ4x+GnMoe4Qh7b4WIj1HceSf+8+Nfyk4l0/CHgUZlAOKn3gkXS0Yv9189mCPTtLmjw0HthHttw==
  dependencies:
    "@pixi/core" "5.3.10"
    "@pixi/math" "5.3.10"
    "@pixi/settings" "5.3.10"
    "@pixi/sprite" "5.3.10"
    "@pixi/utils" "5.3.10"

"@pixi/ticker@5.3.10":
  version "5.3.10"
  resolved "https://registry.yarnpkg.com/@pixi/ticker/-/ticker-5.3.10.tgz#e3ca8bb3074333e6f3eba35159e3fc2f45baa641"
  integrity sha512-blrtXLhNcr6KTsPDhCbo4oExiwX1l0IS/R0HR6J7lSM7ZKsXMjWKyYIYG81kknJRCfOwo1aKzzf+O7A5l0ZvQw==
  dependencies:
    "@pixi/settings" "5.3.10"

"@pixi/utils@5.3.10":
  version "5.3.10"
  resolved "https://registry.yarnpkg.com/@pixi/utils/-/utils-5.3.10.tgz#f3d7ccf29538dcce0ffa07672f7bb81514eb4db9"
  integrity sha512-iiuDtX8yTYtH6w2QO3ZqPdbpaHGVDSnPSVpiyN6TcBTougHC4rPFsHAnAyXaREGiXwRnxXTpvOUfw6JyECgYsA==
  dependencies:
    "@pixi/constants" "5.3.10"
    "@pixi/settings" "5.3.10"
    earcut "^2.1.5"
    eventemitter3 "^3.1.0"
    url "^0.11.0"

"@protobufjs/aspromise@^1.1.1", "@protobufjs/aspromise@^1.1.2":
  version "1.1.2"
  resolved "https://registry.yarnpkg.com/@protobufjs/aspromise/-/aspromise-1.1.2.tgz#9b8b0cc663d669a7d8f6f5d0893a14d348f30fbf"
  integrity sha1-m4sMxmPWaafY9vXQiToU00jzD78=

"@protobufjs/base64@^1.1.2":
  version "1.1.2"
  resolved "https://registry.yarnpkg.com/@protobufjs/base64/-/base64-1.1.2.tgz#4c85730e59b9a1f1f349047dbf24296034bb2735"
  integrity sha512-AZkcAA5vnN/v4PDqKyMR5lx7hZttPDgClv83E//FMNhR2TMcLUhfRUBHCmSl0oi9zMgDDqRUJkSxO3wm85+XLg==

"@protobufjs/codegen@^2.0.4":
  version "2.0.4"
  resolved "https://registry.yarnpkg.com/@protobufjs/codegen/-/codegen-2.0.4.tgz#7ef37f0d010fb028ad1ad59722e506d9262815cb"
  integrity sha512-YyFaikqM5sH0ziFZCN3xDC7zeGaB/d0IUb9CATugHWbd1FRFwWwt4ld4OYMPWu5a3Xe01mGAULCdqhMlPl29Jg==

"@protobufjs/eventemitter@^1.1.0":
  version "1.1.0"
  resolved "https://registry.yarnpkg.com/@protobufjs/eventemitter/-/eventemitter-1.1.0.tgz#355cbc98bafad5978f9ed095f397621f1d066b70"
  integrity sha1-NVy8mLr61ZePntCV85diHx0Ga3A=

"@protobufjs/fetch@^1.1.0":
  version "1.1.0"
  resolved "https://registry.yarnpkg.com/@protobufjs/fetch/-/fetch-1.1.0.tgz#ba99fb598614af65700c1619ff06d454b0d84c45"
  integrity sha1-upn7WYYUr2VwDBYZ/wbUVLDYTEU=
  dependencies:
    "@protobufjs/aspromise" "^1.1.1"
    "@protobufjs/inquire" "^1.1.0"

"@protobufjs/float@^1.0.2":
  version "1.0.2"
  resolved "https://registry.yarnpkg.com/@protobufjs/float/-/float-1.0.2.tgz#5e9e1abdcb73fc0a7cb8b291df78c8cbd97b87d1"
  integrity sha1-Xp4avctz/Ap8uLKR33jIy9l7h9E=

"@protobufjs/inquire@^1.1.0":
  version "1.1.0"
  resolved "https://registry.yarnpkg.com/@protobufjs/inquire/-/inquire-1.1.0.tgz#ff200e3e7cf2429e2dcafc1140828e8cc638f089"
  integrity sha1-/yAOPnzyQp4tyvwRQIKOjMY48Ik=

"@protobufjs/path@^1.1.2":
  version "1.1.2"
  resolved "https://registry.yarnpkg.com/@protobufjs/path/-/path-1.1.2.tgz#6cc2b20c5c9ad6ad0dccfd21ca7673d8d7fbf68d"
  integrity sha1-bMKyDFya1q0NzP0hynZz2Nf79o0=

"@protobufjs/pool@^1.1.0":
  version "1.1.0"
  resolved "https://registry.yarnpkg.com/@protobufjs/pool/-/pool-1.1.0.tgz#09fd15f2d6d3abfa9b65bc366506d6ad7846ff54"
  integrity sha1-Cf0V8tbTq/qbZbw2ZQbWrXhG/1Q=

"@protobufjs/utf8@^1.1.0":
  version "1.1.0"
  resolved "https://registry.yarnpkg.com/@protobufjs/utf8/-/utf8-1.1.0.tgz#a777360b5b39a1a2e5106f8e858f2fd2d060c570"
  integrity sha1-p3c2C1s5oaLlEG+OhY8v0tBgxXA=

"@reduxjs/toolkit@^1.6.1":
  version "1.6.1"
  resolved "https://registry.yarnpkg.com/@reduxjs/toolkit/-/toolkit-1.6.1.tgz#7bc83b47352a663bf28db01e79d17ba54b98ade9"
  integrity sha512-pa3nqclCJaZPAyBhruQtiRwtTjottRrVJqziVZcWzI73i6L3miLTtUyWfauwv08HWtiXLx1xGyGt+yLFfW/d0A==
  dependencies:
    immer "^9.0.1"
    redux "^4.1.0"
    redux-thunk "^2.3.0"
    reselect "^4.0.0"

"@types/howler@^2.2.4":
  version "2.2.4"
  resolved "https://registry.yarnpkg.com/@types/howler/-/howler-2.2.4.tgz#fb7d02bc335d20cc141987f16c195b1af77d756a"
  integrity sha512-/Bs5TyNUWuXPnWe3RB6bS6giQzGHRXmSycq4Mo/2i4C6zwfR7foaAAx1Vo5pMyOAT/ufTfU6WZQHhdvCDBKRig==

"@types/long@^4.0.1":
  version "4.0.1"
  resolved "https://registry.yarnpkg.com/@types/long/-/long-4.0.1.tgz#459c65fa1867dafe6a8f322c4c51695663cc55e9"
  integrity sha512-5tXH6Bx/kNGd3MgffdmP4dy2Z+G4eaXw0SE81Tq3BNadtnMR5/ySMzX4SLEzHJzSmPNn4HIdpQsBvXMUykr58w==

"@types/node@>=12.12.47", "@types/node@>=13.7.0":
  version "16.7.1"
  resolved "https://registry.yarnpkg.com/@types/node/-/node-16.7.1.tgz#c6b9198178da504dfca1fd0be9b2e1002f1586f0"
  integrity sha512-ncRdc45SoYJ2H4eWU9ReDfp3vtFqDYhjOsKlFFUDEn8V1Bgr2RjYal8YT5byfadWIRluhPFU6JiDOl0H6Sl87A==

ansi-regex@^5.0.0:
  version "5.0.0"
  resolved "https://registry.yarnpkg.com/ansi-regex/-/ansi-regex-5.0.0.tgz#388539f55179bf39339c81af30a654d69f87cb75"
  integrity sha512-bY6fj56OUQ0hU1KjFNDQuJFezqKdrAyFdIevADiqrWHwSlbmBNMHp5ak2f40Pm8JTFyM2mqxkG6ngkHO11f/lg==

ansi-styles@^4.0.0:
  version "4.3.0"
  resolved "https://registry.yarnpkg.com/ansi-styles/-/ansi-styles-4.3.0.tgz#edd803628ae71c04c85ae7a0906edad34b648937"
  integrity sha512-zbB9rCJAT1rbjiVDb2hqKFHNYLxgtk8NURxZ3IZwD3F6NtxbXZQCnnSi1Lkx+IDohdPlFp222wVALIheZJQSEg==
  dependencies:
    color-convert "^2.0.1"

cliui@^7.0.2:
  version "7.0.4"
  resolved "https://registry.yarnpkg.com/cliui/-/cliui-7.0.4.tgz#a0265ee655476fc807aea9df3df8df7783808b4f"
  integrity sha512-OcRE68cOsVMXp1Yvonl/fzkQOyjLSu/8bhPDfQt0e0/Eb283TKP20Fs2MqoPsr9SwA595rRCA+QMzYc9nBP+JQ==
  dependencies:
    string-width "^4.2.0"
    strip-ansi "^6.0.0"
    wrap-ansi "^7.0.0"

color-convert@^2.0.1:
  version "2.0.1"
  resolved "https://registry.yarnpkg.com/color-convert/-/color-convert-2.0.1.tgz#72d3a68d598c9bdb3af2ad1e84f21d896abd4de3"
  integrity sha512-RRECPsj7iu/xb5oKYcsFHSppFNnsj/52OVTRKb4zP5onXwVF3zVmmToNcOfGC+CRDpfK/U584fMg38ZHCaElKQ==
  dependencies:
    color-name "~1.1.4"

color-name@~1.1.4:
  version "1.1.4"
  resolved "https://registry.yarnpkg.com/color-name/-/color-name-1.1.4.tgz#c2a09a87acbde69543de6f63fa3995c826c536a2"
  integrity sha512-dOy+3AuW3a2wNbZHIuMZpTcgjGuLU/uBL/ubcZF9OXbDo8ff4O8yVp5Bf0efS8uEoYo5q4Fx7dY9OgQGXgAsQA==

colorette@^1.2.2:
  version "1.3.0"
  resolved "https://registry.yarnpkg.com/colorette/-/colorette-1.3.0.tgz#ff45d2f0edb244069d3b772adeb04fed38d0a0af"
  integrity sha512-ecORCqbSFP7Wm8Y6lyqMJjexBQqXSF7SSeaTyGGphogUjBlFP9m9o08wy86HL2uB7fMTxtOUzLMk7ogKcxMg1w==

core-js@3.6.5:
  version "3.6.5"
  resolved "https://registry.yarnpkg.com/core-js/-/core-js-3.6.5.tgz#7395dc273af37fb2e50e9bd3d9fe841285231d1a"
  integrity sha512-vZVEEwZoIsI+vPEuoF9Iqf5H7/M3eeQqWlQnYa8FSKKePuYTf5MWnxb5SDAzCa60b3JBRS5g9b+Dq7b1y/RCrA==

dom-storage@2.1.0:
  version "2.1.0"
  resolved "https://registry.yarnpkg.com/dom-storage/-/dom-storage-2.1.0.tgz#00fb868bc9201357ea243c7bcfd3304c1e34ea39"
  integrity sha512-g6RpyWXzl0RR6OTElHKBl7nwnK87GUyZMYC7JWsB/IA73vpqK2K6LT39x4VepLxlSsWBFrPVLnsSR5Jyty0+2Q==

earcut@^2.1.5:
  version "2.2.3"
  resolved "https://registry.yarnpkg.com/earcut/-/earcut-2.2.3.tgz#d44ced2ff5a18859568e327dd9c7d46b16f55cf4"
  integrity sha512-iRDI1QeCQIhMCZk48DRDMVgQSSBDmbzzNhnxIo+pwx3swkfjMh6vh0nWLq1NdvGHLKH6wIrAM3vQWeTj6qeoug==

emoji-regex@^8.0.0:
  version "8.0.0"
  resolved "https://registry.yarnpkg.com/emoji-regex/-/emoji-regex-8.0.0.tgz#e818fd69ce5ccfcb404594f842963bf53164cc37"
  integrity sha512-MSjYzcWNOA0ewAHpz0MxpYFvwg6yjy1NG3xteoqz644VCo/RPgnr1/GGt+ic3iJTzQ8Eu3TdM14SawnVUmGE6A==

es6-promise-polyfill@^1.2.0:
  version "1.2.0"
  resolved "https://registry.yarnpkg.com/es6-promise-polyfill/-/es6-promise-polyfill-1.2.0.tgz#f38925f23cb3e3e8ce6cda8ff774fcebbb090cde"
  integrity sha1-84kl8jyz4+jObNqP93T867sJDN4=

esbuild@^0.12.8:
  version "0.12.19"
  resolved "https://registry.yarnpkg.com/esbuild/-/esbuild-0.12.19.tgz#ab849766705a5093df5acd8ec2f6ba2159a38a6c"
  integrity sha512-5NuT1G6THW7l3fsSCDkcPepn24R0XtyPjKoqKHD8LfhqMXzCdz0mrS9HgO6hIhzVT7zt0T+JGbzCqF5AH8hS9w==

escalade@^3.1.1:
  version "3.1.1"
  resolved "https://registry.yarnpkg.com/escalade/-/escalade-3.1.1.tgz#d8cfdc7000965c5a0174b4a82eaa5c0552742e40"
  integrity sha512-k0er2gUkLf8O0zKJiAhmkTnJlTvINGv7ygDNPbeIsX/TJjGJZHuh9B2UxbsaEkmlEo9MfhrSzmhIlhRlI2GXnw==

eventemitter3@^3.1.0:
  version "3.1.2"
  resolved "https://registry.yarnpkg.com/eventemitter3/-/eventemitter3-3.1.2.tgz#2d3d48f9c346698fce83a85d7d664e98535df6e7"
  integrity sha512-tvtQIeLVHjDkJYnzf2dgVMxfuSGJeM/7UCG17TT4EumTfNtF+0nebF/4zWOIkCreAbtNqhGEboB6BWrwqNaw4Q==

faye-websocket@0.11.3:
  version "0.11.3"
  resolved "https://registry.yarnpkg.com/faye-websocket/-/faye-websocket-0.11.3.tgz#5c0e9a8968e8912c286639fde977a8b209f2508e"
  integrity sha512-D2y4bovYpzziGgbHYtGCMjlJM36vAl/y+xUyn1C+FVx8szd1E+86KwVw6XvYSzOP8iMpm1X0I4xJD+QtUb36OA==
  dependencies:
    websocket-driver ">=0.5.1"

firebase@^8.10.0:
  version "8.10.0"
  resolved "https://registry.yarnpkg.com/firebase/-/firebase-8.10.0.tgz#1794148de8f865b5e7f32c582fb343a4e2c68ca7"
  integrity sha512-GCABTbJdo88QgzX5OH/vsfKBWvTRbLUylGlYXtO7uYo1VErfGd2BWW9ATlJP5Gxx+ClDfyvVTvcs2rcNWn3uUA==
  dependencies:
    "@firebase/analytics" "0.6.18"
    "@firebase/app" "0.6.30"
    "@firebase/app-check" "0.3.2"
    "@firebase/app-types" "0.6.3"
    "@firebase/auth" "0.16.8"
    "@firebase/database" "0.11.0"
    "@firebase/firestore" "2.4.0"
    "@firebase/functions" "0.6.15"
    "@firebase/installations" "0.4.32"
    "@firebase/messaging" "0.8.0"
    "@firebase/performance" "0.4.18"
    "@firebase/polyfill" "0.3.36"
    "@firebase/remote-config" "0.1.43"
    "@firebase/storage" "0.7.0"
    "@firebase/util" "1.3.0"

fsevents@~2.3.2:
  version "2.3.2"
  resolved "https://registry.yarnpkg.com/fsevents/-/fsevents-2.3.2.tgz#8a526f78b8fdf4623b709e0b975c52c24c02fd1a"
  integrity sha512-xiqMQR4xAeHTuB9uWm+fFRcIOgKBMiOBP+eXiyT7jsgVCq1bkVygt00oASowB7EdtpOHaaPgKt812P9ab+DDKA==

function-bind@^1.1.1:
  version "1.1.1"
  resolved "https://registry.yarnpkg.com/function-bind/-/function-bind-1.1.1.tgz#a56899d3ea3c9bab874bb9773b7c5ede92f4895d"
  integrity sha512-yIovAzMX49sF8Yl58fSCWJ5svSLuaibPxXQJFLmBObTuCr0Mf1KiPopGM9NiFjiYBCbfaa2Fh6breQ6ANVTI0A==

get-caller-file@^2.0.5:
  version "2.0.5"
  resolved "https://registry.yarnpkg.com/get-caller-file/-/get-caller-file-2.0.5.tgz#4f94412a82db32f36e3b0b9741f8a97feb031f7e"
  integrity sha512-DyFP3BM/3YHTQOCUL/w0OZHR0lpKeGrxotcHWcqNEdnltqFwXVfhEBQ94eIo34AfQpo0rGki4cyIiftY06h2Fg==

has@^1.0.3:
  version "1.0.3"
  resolved "https://registry.yarnpkg.com/has/-/has-1.0.3.tgz#722d7cbfc1f6aa8241f16dd814e011e1f41e8796"
  integrity sha512-f2dvO0VU6Oej7RkWJGrehjbzMAjFp5/VKPp5tTpWIV4JHHZK1/BxbFRtf/siA2SWTe09caDmVtYYzWEIbBS4zw==
  dependencies:
    function-bind "^1.1.1"

howler@^2.2.3:
  version "2.2.3"
  resolved "https://registry.yarnpkg.com/howler/-/howler-2.2.3.tgz#a2eff9b08b586798e7a2ee17a602a90df28715da"
  integrity sha512-QM0FFkw0LRX1PR8pNzJVAY25JhIWvbKMBFM4gqk+QdV+kPXOhleWGCB6AiAF/goGjIHK2e/nIElplvjQwhr0jg==

http-parser-js@>=0.5.1:
  version "0.5.3"
  resolved "https://registry.yarnpkg.com/http-parser-js/-/http-parser-js-0.5.3.tgz#01d2709c79d41698bb01d4decc5e9da4e4a033d9"
  integrity sha512-t7hjvef/5HEK7RWTdUzVUhl8zkEu+LlaE0IYzdMuvbSDipxBRpOn4Uhw8ZyECEa808iVT8XCjzo6xmYt4CiLZg==

idb@3.0.2:
  version "3.0.2"
  resolved "https://registry.yarnpkg.com/idb/-/idb-3.0.2.tgz#c8e9122d5ddd40f13b60ae665e4862f8b13fa384"
  integrity sha512-+FLa/0sTXqyux0o6C+i2lOR0VoS60LU/jzUo5xjfY6+7sEEgy4Gz1O7yFBXvjd7N0NyIGWIRg8DcQSLEG+VSPw==

immer@^9.0.1:
  version "9.0.5"
  resolved "https://registry.yarnpkg.com/immer/-/immer-9.0.5.tgz#a7154f34fe7064f15f00554cc94c66cc0bf453ec"
  integrity sha512-2WuIehr2y4lmYz9gaQzetPR2ECniCifk4ORaQbU3g5EalLt+0IVTosEPJ5BoYl/75ky2mivzdRzV8wWgQGOSYQ==

is-core-module@^2.2.0:
  version "2.5.0"
  resolved "https://registry.yarnpkg.com/is-core-module/-/is-core-module-2.5.0.tgz#f754843617c70bfd29b7bd87327400cda5c18491"
  integrity sha512-TXCMSDsEHMEEZ6eCA8rwRDbLu55MRGmrctljsBX/2v1d9/GzqHOxW5c5oPSgrUt2vBFXebu9rGqckXGPWOlYpg==
  dependencies:
    has "^1.0.3"

is-fullwidth-code-point@^3.0.0:
  version "3.0.0"
  resolved "https://registry.yarnpkg.com/is-fullwidth-code-point/-/is-fullwidth-code-point-3.0.0.tgz#f116f8064fe90b3f7844a38997c0b75051269f1d"
  integrity sha512-zymm5+u+sCsSWyD9qNaejV3DFvhCKclKdizYaJUuHA83RLjb7nSuGnddCHGv0hk+KY7BMAlsWeK4Ueg6EV6XQg==

ismobilejs@^1.1.0:
  version "1.1.1"
  resolved "https://registry.yarnpkg.com/ismobilejs/-/ismobilejs-1.1.1.tgz#c56ca0ae8e52b24ca0f22ba5ef3215a2ddbbaa0e"
  integrity sha512-VaFW53yt8QO61k2WJui0dHf4SlL8lxBofUuUmwBo0ljPk0Drz2TiuDW4jo3wDcv41qy/SxrJ+VAzJ/qYqsmzRw==

lodash.camelcase@^4.3.0:
  version "4.3.0"
  resolved "https://registry.yarnpkg.com/lodash.camelcase/-/lodash.camelcase-4.3.0.tgz#b28aa6288a2b9fc651035c7711f65ab6190331a6"
  integrity sha1-soqmKIorn8ZRA1x3EfZathkDMaY=

long@^4.0.0:
  version "4.0.0"
  resolved "https://registry.yarnpkg.com/long/-/long-4.0.0.tgz#9a7b71cfb7d361a194ea555241c92f7468d5bf28"
  integrity sha512-XsP+KhQif4bjX1kbuSiySJFNAehNxgLb6hPRGJ9QsUr8ajHkuXGdrHmFUTUUXhDwVX2R5bY4JNZEwbUiMhV+MA==

mini-signals@^1.2.0:
  version "1.2.0"
  resolved "https://registry.yarnpkg.com/mini-signals/-/mini-signals-1.2.0.tgz#45b08013c5fae51a24aa1a935cd317c9ed721d74"
  integrity sha1-RbCAE8X65RokqhqTXNMXye1yHXQ=

nanoid@^3.1.23:
  version "3.1.24"
  resolved "https://registry.yarnpkg.com/nanoid/-/nanoid-3.1.24.tgz#d7ac20215f595c26d314ee5671169a27b609025f"
  integrity sha512-WNhqqgD4qH7TQdU9ujXfFa/hQI5rOGGnZq+JRmz4JwMZFCgSZVquTq3ORUSv6IC+Y41ACBYV8a8J1kPkqGIiQg==

node-fetch@2.6.1:
  version "2.6.1"
  resolved "https://registry.yarnpkg.com/node-fetch/-/node-fetch-2.6.1.tgz#045bd323631f76ed2e2b55573394416b639a0052"
  integrity sha512-V4aYg89jEoVRxRb2fJdAg8FHvI7cEyYdVAh94HH0UIK8oJxUfkjlDQN9RbMx+bEjP7+ggMiFRprSti032Oipxw==

object-assign@^4.1.1:
  version "4.1.1"
  resolved "https://registry.yarnpkg.com/object-assign/-/object-assign-4.1.1.tgz#2109adc7965887cfc05cbbd442cac8bfbb360863"
  integrity sha1-IQmtx5ZYh8/AXLvUQsrIv7s2CGM=

parse-uri@^1.0.0:
  version "1.0.3"
  resolved "https://registry.yarnpkg.com/parse-uri/-/parse-uri-1.0.3.tgz#f3c24a74907a4e357c1741e96ca9faadecfd6db5"
  integrity sha512-upMnGxNcm+45So85HoguwZTVZI9u11i36DdxJfGF2HYWS2eh3TIx7+/tTi7qrEq15qzGkVhsKjesau+kCk48pA==

path-parse@^1.0.6:
  version "1.0.7"
  resolved "https://registry.yarnpkg.com/path-parse/-/path-parse-1.0.7.tgz#fbc114b60ca42b30d9daf5858e4bd68bbedb6735"
  integrity sha512-LDJzPVEEEPR+y48z93A0Ed0yXb8pAByGWo/k5YYdYgpY2/2EsOsksJrq7lOHxryrVOn1ejG6oAp8ahvOIQD8sw==

pixi.js@5.3.10:
  version "5.3.10"
  resolved "https://registry.yarnpkg.com/pixi.js/-/pixi.js-5.3.10.tgz#602a8411690bbc4009561f07b189cb574e53c43f"
  integrity sha512-uyFPos2ORCu2nJK06wr9ocfgHHSgnsCxTwusH6OnqQxZtYymIS6lGeo0Qw3ox2u61oQ+u/VAoqBPCGA772rlGQ==
  dependencies:
    "@pixi/accessibility" "5.3.10"
    "@pixi/app" "5.3.10"
    "@pixi/constants" "5.3.10"
    "@pixi/core" "5.3.10"
    "@pixi/display" "5.3.10"
    "@pixi/extract" "5.3.10"
    "@pixi/filter-alpha" "5.3.10"
    "@pixi/filter-blur" "5.3.10"
    "@pixi/filter-color-matrix" "5.3.10"
    "@pixi/filter-displacement" "5.3.10"
    "@pixi/filter-fxaa" "5.3.10"
    "@pixi/filter-noise" "5.3.10"
    "@pixi/graphics" "5.3.10"
    "@pixi/interaction" "5.3.10"
    "@pixi/loaders" "5.3.10"
    "@pixi/math" "5.3.10"
    "@pixi/mesh" "5.3.10"
    "@pixi/mesh-extras" "5.3.10"
    "@pixi/mixin-cache-as-bitmap" "5.3.10"
    "@pixi/mixin-get-child-by-name" "5.3.10"
    "@pixi/mixin-get-global-position" "5.3.10"
    "@pixi/particles" "5.3.10"
    "@pixi/polyfill" "5.3.10"
    "@pixi/prepare" "5.3.10"
    "@pixi/runner" "5.3.10"
    "@pixi/settings" "5.3.10"
    "@pixi/sprite" "5.3.10"
    "@pixi/sprite-animated" "5.3.10"
    "@pixi/sprite-tiling" "5.3.10"
    "@pixi/spritesheet" "5.3.10"
    "@pixi/text" "5.3.10"
    "@pixi/text-bitmap" "5.3.10"
    "@pixi/ticker" "5.3.10"
    "@pixi/utils" "5.3.10"

postcss@^8.3.6:
  version "8.3.6"
  resolved "https://registry.yarnpkg.com/postcss/-/postcss-8.3.6.tgz#2730dd76a97969f37f53b9a6096197be311cc4ea"
  integrity sha512-wG1cc/JhRgdqB6WHEuyLTedf3KIRuD0hG6ldkFEZNCjRxiC+3i6kkWUUbiJQayP28iwG35cEmAbe98585BYV0A==
  dependencies:
    colorette "^1.2.2"
    nanoid "^3.1.23"
    source-map-js "^0.6.2"

promise-polyfill@8.1.3:
  version "8.1.3"
  resolved "https://registry.yarnpkg.com/promise-polyfill/-/promise-polyfill-8.1.3.tgz#8c99b3cf53f3a91c68226ffde7bde81d7f904116"
  integrity sha512-MG5r82wBzh7pSKDRa9y+vllNHz3e3d4CNj1PQE4BQYxLme0gKYYBm9YENq+UkEikyZ0XbiGWxYlVw3Rl9O/U8g==

protobufjs@^6.10.0:
  version "6.11.2"
  resolved "https://registry.yarnpkg.com/protobufjs/-/protobufjs-6.11.2.tgz#de39fabd4ed32beaa08e9bb1e30d08544c1edf8b"
  integrity sha512-4BQJoPooKJl2G9j3XftkIXjoC9C0Av2NOrWmbLWT1vH32GcSUHjM0Arra6UfTsVyfMAuFzaLucXn1sadxJydAw==
  dependencies:
    "@protobufjs/aspromise" "^1.1.2"
    "@protobufjs/base64" "^1.1.2"
    "@protobufjs/codegen" "^2.0.4"
    "@protobufjs/eventemitter" "^1.1.0"
    "@protobufjs/fetch" "^1.1.0"
    "@protobufjs/float" "^1.0.2"
    "@protobufjs/inquire" "^1.1.0"
    "@protobufjs/path" "^1.1.2"
    "@protobufjs/pool" "^1.1.0"
    "@protobufjs/utf8" "^1.1.0"
    "@types/long" "^4.0.1"
    "@types/node" ">=13.7.0"
    long "^4.0.0"

punycode@1.3.2:
  version "1.3.2"
  resolved "https://registry.yarnpkg.com/punycode/-/punycode-1.3.2.tgz#9653a036fb7c1ee42342f2325cceefea3926c48d"
  integrity sha1-llOgNvt8HuQjQvIyXM7v6jkmxI0=

querystring@0.2.0:
  version "0.2.0"
  resolved "https://registry.yarnpkg.com/querystring/-/querystring-0.2.0.tgz#b209849203bb25df820da756e747005878521620"
  integrity sha1-sgmEkgO7Jd+CDadW50cAWHhSFiA=

redux-thunk@^2.3.0:
  version "2.3.0"
  resolved "https://registry.yarnpkg.com/redux-thunk/-/redux-thunk-2.3.0.tgz#51c2c19a185ed5187aaa9a2d08b666d0d6467622"
  integrity sha512-km6dclyFnmcvxhAcrQV2AkZmPQjzPDjgVlQtR0EQjxZPyJ0BnMf3in1ryuR8A2qU0HldVRfxYXbFSKlI3N7Slw==

redux@^4.1.0:
  version "4.1.1"
  resolved "https://registry.yarnpkg.com/redux/-/redux-4.1.1.tgz#76f1c439bb42043f985fbd9bf21990e60bd67f47"
  integrity sha512-hZQZdDEM25UY2P493kPYuKqviVwZ58lEmGQNeQ+gXa+U0gYPUBf7NKYazbe3m+bs/DzM/ahN12DbF+NG8i0CWw==
  dependencies:
    "@babel/runtime" "^7.9.2"

regenerator-runtime@^0.13.4:
  version "0.13.9"
  resolved "https://registry.yarnpkg.com/regenerator-runtime/-/regenerator-runtime-0.13.9.tgz#8925742a98ffd90814988d7566ad30ca3b263b52"
  integrity sha512-p3VT+cOEgxFsRRA9X4lkI1E+k2/CtnKtU4gcxyaCUreilL/vqI6CdZ3wxVUx3UOUg+gnUOQQcRI7BmSI656MYA==

require-directory@^2.1.1:
  version "2.1.1"
  resolved "https://registry.yarnpkg.com/require-directory/-/require-directory-2.1.1.tgz#8c64ad5fd30dab1c976e2344ffe7f792a6a6df42"
  integrity sha1-jGStX9MNqxyXbiNE/+f3kqam30I=

reselect@^4.0.0:
  version "4.0.0"
  resolved "https://registry.yarnpkg.com/reselect/-/reselect-4.0.0.tgz#f2529830e5d3d0e021408b246a206ef4ea4437f7"
  integrity sha512-qUgANli03jjAyGlnbYVAV5vvnOmJnODyABz51RdBN7M4WaVu8mecZWgyQNkG8Yqe3KRGRt0l4K4B3XVEULC4CA==

resolve@^1.20.0:
  version "1.20.0"
  resolved "https://registry.yarnpkg.com/resolve/-/resolve-1.20.0.tgz#629a013fb3f70755d6f0b7935cc1c2c5378b1975"
  integrity sha512-wENBPt4ySzg4ybFQW2TT1zMQucPK95HSh/nq2CFTZVOGut2+pQvSsgtda4d26YrYcr067wjbmzOG8byDPBX63A==
  dependencies:
    is-core-module "^2.2.0"
    path-parse "^1.0.6"

resource-loader@^3.0.1:
  version "3.0.1"
  resolved "https://registry.yarnpkg.com/resource-loader/-/resource-loader-3.0.1.tgz#33355bb5421e2994f59454bbc7f6dbff8df06d47"
  integrity sha512-fBuCRbEHdLCI1eglzQhUv9Rrdcmqkydr1r6uHE2cYHvRBrcLXeSmbE/qI/urFt8rPr/IGxir3BUwM5kUK8XoyA==
  dependencies:
    mini-signals "^1.2.0"
    parse-uri "^1.0.0"

rollup@^2.38.5:
  version "2.56.2"
  resolved "https://registry.yarnpkg.com/rollup/-/rollup-2.56.2.tgz#a045ff3f6af53ee009b5f5016ca3da0329e5470f"
  integrity sha512-s8H00ZsRi29M2/lGdm1u8DJpJ9ML8SUOpVVBd33XNeEeL3NVaTiUcSBHzBdF3eAyR0l7VSpsuoVUGrRHq7aPwQ==
  optionalDependencies:
    fsevents "~2.3.2"

safe-buffer@>=5.1.0:
  version "5.2.1"
  resolved "https://registry.yarnpkg.com/safe-buffer/-/safe-buffer-5.2.1.tgz#1eaf9fa9bdb1fdd4ec75f58f9cdb4e6b7827eec6"
  integrity sha512-rp3So07KcdmmKbGvgaNxQSJr7bGVSVk5S9Eq1F+ppbRo70+YeaDxkw5Dd8NPN+GD6bjnYm2VuPuCXmpuYvmCXQ==

source-map-js@^0.6.2:
  version "0.6.2"
  resolved "https://registry.yarnpkg.com/source-map-js/-/source-map-js-0.6.2.tgz#0bb5de631b41cfbda6cfba8bd05a80efdfd2385e"
  integrity sha512-/3GptzWzu0+0MBQFrDKzw/DvvMTUORvgY6k6jd/VS6iCR4RDTKWH6v6WPwQoUO8667uQEf9Oe38DxAYWY5F/Ug==

string-width@^4.1.0, string-width@^4.2.0:
  version "4.2.2"
  resolved "https://registry.yarnpkg.com/string-width/-/string-width-4.2.2.tgz#dafd4f9559a7585cfba529c6a0a4f73488ebd4c5"
  integrity sha512-XBJbT3N4JhVumXE0eoLU9DCjcaF92KLNqTmFCnG1pf8duUxFGwtP6AD6nkjw9a3IdiRtL3E2w3JDiE/xi3vOeA==
  dependencies:
    emoji-regex "^8.0.0"
    is-fullwidth-code-point "^3.0.0"
    strip-ansi "^6.0.0"

strip-ansi@^6.0.0:
  version "6.0.0"
  resolved "https://registry.yarnpkg.com/strip-ansi/-/strip-ansi-6.0.0.tgz#0b1571dd7669ccd4f3e06e14ef1eed26225ae532"
  integrity sha512-AuvKTrTfQNYNIctbR1K/YGTR1756GycPsg7b9bdV9Duqur4gv6aKqHXah67Z8ImS7WEz5QVcOtlfW2rZEugt6w==
  dependencies:
    ansi-regex "^5.0.0"

tslib@^2.1.0:
  version "2.3.1"
  resolved "https://registry.yarnpkg.com/tslib/-/tslib-2.3.1.tgz#e8a335add5ceae51aa261d32a490158ef042ef01"
  integrity sha512-77EbyPPpMz+FRFRuAFlWMtmgUWGe9UOG2Z25NqCwiIjRhOf5iKGuzSe5P2w1laq+FkRy4p+PCuVkJSGkzTEKVw==

typescript@^4.3.2:
  version "4.3.5"
  resolved "https://registry.yarnpkg.com/typescript/-/typescript-4.3.5.tgz#4d1c37cc16e893973c45a06886b7113234f119f4"
  integrity sha512-DqQgihaQ9cUrskJo9kIyW/+g0Vxsk8cDtZ52a3NGh0YNTfpUSArXSohyUGnvbPazEPLu398C0UxmKSOrPumUzA==

url@^0.11.0:
  version "0.11.0"
  resolved "https://registry.yarnpkg.com/url/-/url-0.11.0.tgz#3838e97cfc60521eb73c525a8e55bfdd9e2e28f1"
  integrity sha1-ODjpfPxgUh63PFJajlW/3Z4uKPE=
  dependencies:
    punycode "1.3.2"
    querystring "0.2.0"

vite@^2.4.4:
  version "2.4.4"
  resolved "https://registry.yarnpkg.com/vite/-/vite-2.4.4.tgz#8c402a07ad45f168f6eb5428bead38f3e4363e47"
  integrity sha512-m1wK6pFJKmaYA6AeZIUXyiAgUAAJzVXhIMYCdZUpCaFMGps0v0IlNJtbmPvkUhVEyautalajmnW5X6NboUPsnw==
  dependencies:
    esbuild "^0.12.8"
    postcss "^8.3.6"
    resolve "^1.20.0"
    rollup "^2.38.5"
  optionalDependencies:
    fsevents "~2.3.2"

websocket-driver@>=0.5.1:
  version "0.7.4"
  resolved "https://registry.yarnpkg.com/websocket-driver/-/websocket-driver-0.7.4.tgz#89ad5295bbf64b480abcba31e4953aca706f5760"
  integrity sha512-b17KeDIQVjvb0ssuSDF2cYXSg2iztliJ4B9WdsuB6J952qCPKmnVq4DyW5motImXHDC1cBT/1UezrJVsKw5zjg==
  dependencies:
    http-parser-js ">=0.5.1"
    safe-buffer ">=5.1.0"
    websocket-extensions ">=0.1.1"

websocket-extensions@>=0.1.1:
  version "0.1.4"
  resolved "https://registry.yarnpkg.com/websocket-extensions/-/websocket-extensions-0.1.4.tgz#7f8473bc839dfd87608adb95d7eb075211578a42"
  integrity sha512-OqedPIGOfsDlo31UNwYbCFMSaO9m9G/0faIHj5/dZFDMFqPTcx6UwqyOy3COEaEOg/9VsGIpdqn62W5KhoKSpg==

whatwg-fetch@2.0.4:
  version "2.0.4"
  resolved "https://registry.yarnpkg.com/whatwg-fetch/-/whatwg-fetch-2.0.4.tgz#dde6a5df315f9d39991aa17621853d720b85566f"
  integrity sha512-dcQ1GWpOD/eEQ97k66aiEVpNnapVj90/+R+SXTPYGHpYBBypfKJEQjLrvMZ7YXbKm21gXd4NcuxUTjiv1YtLng==

wrap-ansi@^7.0.0:
  version "7.0.0"
  resolved "https://registry.yarnpkg.com/wrap-ansi/-/wrap-ansi-7.0.0.tgz#67e145cff510a6a6984bdf1152911d69d2eb9e43"
  integrity sha512-YVGIj2kamLSTxw6NsZjoBxfSwsn0ycdesmc4p+Q21c5zPuZ1pl+NfxVdxPtdHvmNVOQ6XSYG4AUtyt/Fi7D16Q==
  dependencies:
    ansi-styles "^4.0.0"
    string-width "^4.1.0"
    strip-ansi "^6.0.0"

xmlhttprequest@1.8.0:
  version "1.8.0"
  resolved "https://registry.yarnpkg.com/xmlhttprequest/-/xmlhttprequest-1.8.0.tgz#67fe075c5c24fef39f9d65f5f7b7fe75171968fc"
  integrity sha1-Z/4HXFwk/vOfnWX197f+dRcZaPw=

y18n@^5.0.5:
  version "5.0.8"
  resolved "https://registry.yarnpkg.com/y18n/-/y18n-5.0.8.tgz#7f4934d0f7ca8c56f95314939ddcd2dd91ce1d55"
  integrity sha512-0pfFzegeDWJHJIAmTLRP2DwHjdF5s7jo9tuztdQxAhINCdvS+3nGINqPd00AphqJR/0LhANUS6/+7SCb98YOfA==

yargs-parser@^20.2.2:
  version "20.2.9"
  resolved "https://registry.yarnpkg.com/yargs-parser/-/yargs-parser-20.2.9.tgz#2eb7dc3b0289718fc295f362753845c41a0c94ee"
  integrity sha512-y11nGElTIV+CT3Zv9t7VKl+Q3hTQoT9a1Qzezhhl6Rp21gJ/IVTW7Z3y9EWXhuUBC2Shnf+DX0antecpAwSP8w==

yargs@^16.1.1:
  version "16.2.0"
  resolved "https://registry.yarnpkg.com/yargs/-/yargs-16.2.0.tgz#1c82bf0f6b6a66eafce7ef30e376f49a12477f66"
  integrity sha512-D1mvvtDG0L5ft/jGWkLpG1+m0eQxOfaBvTNELraWj22wSVUMWxZUvYgJYcKh6jGGIkJFhH4IZPQhR4TKpc8mBw==
  dependencies:
    cliui "^7.0.2"
    escalade "^3.1.1"
    get-caller-file "^2.0.5"
    require-directory "^2.1.1"
    string-width "^4.2.0"
    y18n "^5.0.5"
    yargs-parser "^20.2.2"
